
Microsoft Visual Studio Solution File, Format Version 12.00
# Visual Studio Version 17
VisualStudioVersion = 17.3.32922.545
MinimumVisualStudioVersion = 10.0.40219.1
Project("{9A19103F-16F7-4668-BE54-9A1E7A4F7556}") = "gitdot-visual", "gitdot-visual\gitdot-visual.csproj", "{75F84078-540F-4D7F-8317-9723A34D6847}"
EndProject
Project("{F2A71F9B-5D33-465A-A702-920D77279786}") = "gitdot-cli", "gitdot-cli\gitdot-cli.fsproj", "{555F61E9-E480-464D-B9E8-738443DA32AD}"
EndProject
Global
	GlobalSection(SolutionConfigurationPlatforms) = preSolution
		Debug|Any CPU = Debug|Any CPU
		Release|Any CPU = Release|Any CPU
	EndGlobalSection
	GlobalSection(ProjectConfigurationPlatforms) = postSolution
		{75F84078-540F-4D7F-8317-9723A34D6847}.Debug|Any CPU.ActiveCfg = Debug|Any CPU
		{75F84078-540F-4D7F-8317-9723A34D6847}.Debug|Any CPU.Build.0 = Debug|Any CPU
		{75F84078-540F-4D7F-8317-9723A34D6847}.Release|Any CPU.ActiveCfg = Release|Any CPU
		{75F84078-540F-4D7F-8317-9723A34D6847}.Release|Any CPU.Build.0 = Release|Any CPU
		{555F61E9-E480-464D-B9E8-738443DA32AD}.Debug|Any CPU.ActiveCfg = Debug|Any CPU
		{555F61E9-E480-464D-B9E8-738443DA32AD}.Debug|Any CPU.Build.0 = Debug|Any CPU
		{555F61E9-E480-464D-B9E8-738443DA32AD}.Release|Any CPU.ActiveCfg = Release|Any CPU
		{555F61E9-E480-464D-B9E8-738443DA32AD}.Release|Any CPU.Build.0 = Release|Any CPU
	EndGlobalSection
	GlobalSection(SolutionProperties) = preSolution
		HideSolutionNode = FALSE
	EndGlobalSection
	GlobalSection(ExtensibilityGlobals) = postSolution
		SolutionGuid = {4091FF77-77DF-49ED-B3FC-44EA578D2523}
	EndGlobalSection
EndGlobal
